
Microsoft Visual Studio Solution File, Format Version 12.00
# Visual Studio Version 17
VisualStudioVersion = 17.8.34322.80
MinimumVisualStudioVersion = 10.0.40219.1
Project("{9A19103F-16F7-4668-BE54-9A1E7A4F7556}") = "CommandPattern", "CommandPattern\CommandPattern.csproj", "{0B3CCFE5-4172-47AC-A5B2-B9981512F14D}"
EndProject
Project("{2150E333-8FDC-42A3-9474-1A3956D46DE8}") = "SOLID", "SOLID", "{CC6A375C-E748-4B99-8D39-F44FD0DB590F}"
EndProject
Project("{9A19103F-16F7-4668-BE54-9A1E7A4F7556}") = "SOLID.Principles", "SOLID\SOLID.Principles\SOLID.Principles.csproj", "{487D37B1-5B6E-436A-897A-C44AD20B8D12}"
EndProject
Project("{2150E333-8FDC-42A3-9474-1A3956D46DE8}") = "CREATION", "CREATION", "{22B4CCDB-E395-439B-8797-2E6E2635C66C}"
EndProject
Project("{2150E333-8FDC-42A3-9474-1A3956D46DE8}") = "BEHAVIOUR", "BEHAVIOUR", "{343483CE-821F-4477-8957-20178A48CFAD}"
EndProject
Project("{9A19103F-16F7-4668-BE54-9A1E7A4F7556}") = "BuilderPattern", "BUILDER\BuilderPattern\BuilderPattern.csproj", "{C1A7AD38-76FD-4E57-B967-595F279AA70B}"
EndProject
Project("{FAE04EC0-301F-11D3-BF4B-00C04F79EFBC}") = "StatePattern", "StatePattern\StatePattern.csproj", "{6DBE10D3-7C7D-4B1D-849F-59F5DC080A4B}"
EndProject
Global
	GlobalSection(SolutionConfigurationPlatforms) = preSolution
		Debug|Any CPU = Debug|Any CPU
		Release|Any CPU = Release|Any CPU
	EndGlobalSection
	GlobalSection(ProjectConfigurationPlatforms) = postSolution
		{0B3CCFE5-4172-47AC-A5B2-B9981512F14D}.Debug|Any CPU.ActiveCfg = Debug|Any CPU
		{0B3CCFE5-4172-47AC-A5B2-B9981512F14D}.Debug|Any CPU.Build.0 = Debug|Any CPU
		{0B3CCFE5-4172-47AC-A5B2-B9981512F14D}.Release|Any CPU.ActiveCfg = Release|Any CPU
		{0B3CCFE5-4172-47AC-A5B2-B9981512F14D}.Release|Any CPU.Build.0 = Release|Any CPU
		{487D37B1-5B6E-436A-897A-C44AD20B8D12}.Debug|Any CPU.ActiveCfg = Debug|Any CPU
		{487D37B1-5B6E-436A-897A-C44AD20B8D12}.Debug|Any CPU.Build.0 = Debug|Any CPU
		{487D37B1-5B6E-436A-897A-C44AD20B8D12}.Release|Any CPU.ActiveCfg = Release|Any CPU
		{487D37B1-5B6E-436A-897A-C44AD20B8D12}.Release|Any CPU.Build.0 = Release|Any CPU
		{C1A7AD38-76FD-4E57-B967-595F279AA70B}.Debug|Any CPU.ActiveCfg = Debug|Any CPU
		{C1A7AD38-76FD-4E57-B967-595F279AA70B}.Debug|Any CPU.Build.0 = Debug|Any CPU
		{C1A7AD38-76FD-4E57-B967-595F279AA70B}.Release|Any CPU.ActiveCfg = Release|Any CPU
		{C1A7AD38-76FD-4E57-B967-595F279AA70B}.Release|Any CPU.Build.0 = Release|Any CPU
		{6DBE10D3-7C7D-4B1D-849F-59F5DC080A4B}.Debug|Any CPU.ActiveCfg = Debug|Any CPU
		{6DBE10D3-7C7D-4B1D-849F-59F5DC080A4B}.Debug|Any CPU.Build.0 = Debug|Any CPU
		{6DBE10D3-7C7D-4B1D-849F-59F5DC080A4B}.Release|Any CPU.ActiveCfg = Release|Any CPU
		{6DBE10D3-7C7D-4B1D-849F-59F5DC080A4B}.Release|Any CPU.Build.0 = Release|Any CPU
	EndGlobalSection
	GlobalSection(SolutionProperties) = preSolution
		HideSolutionNode = FALSE
	EndGlobalSection
	GlobalSection(NestedProjects) = preSolution
		{0B3CCFE5-4172-47AC-A5B2-B9981512F14D} = {343483CE-821F-4477-8957-20178A48CFAD}
		{487D37B1-5B6E-436A-897A-C44AD20B8D12} = {CC6A375C-E748-4B99-8D39-F44FD0DB590F}
		{C1A7AD38-76FD-4E57-B967-595F279AA70B} = {22B4CCDB-E395-439B-8797-2E6E2635C66C}
		{6DBE10D3-7C7D-4B1D-849F-59F5DC080A4B} = {343483CE-821F-4477-8957-20178A48CFAD}
	EndGlobalSection
	GlobalSection(ExtensibilityGlobals) = postSolution
		SolutionGuid = {192500D4-DA9B-474A-89D7-01EA2FBF179C}
	EndGlobalSection
EndGlobal
